
Microsoft Visual Studio Solution File, Format Version 12.00
# Visual Studio 2012
Project("{FAE04EC0-301F-11D3-BF4B-00C04F79EFBC}") = "ColorWars", "ColorWars\ColorWars.csproj", "{6A8152C0-82EB-4704-865F-D682E4FC5438}"
EndProject
Project("{FAE04EC0-301F-11D3-BF4B-00C04F79EFBC}") = "Effects", "Effects\Effects.csproj", "{EDB5E8A6-830C-4EA0-B309-C35019ABA183}"
EndProject
Project("{FAE04EC0-301F-11D3-BF4B-00C04F79EFBC}") = "ICCReader", "ICCReader\ICCReader.csproj", "{509FD9FF-7AF6-4554-8442-FE802A3B03CA}"
EndProject
Project("{FAE04EC0-301F-11D3-BF4B-00C04F79EFBC}") = "ColorManagment", "ColorManagment\ColorManagment.csproj", "{732EBACF-9743-4C22-85F7-3284BA046C0C}"
EndProject
Project("{FAE04EC0-301F-11D3-BF4B-00C04F79EFBC}") = "NSISInstaller", "NSISInstaller\NSISInstaller.csproj", "{92F74E5A-CF68-46DF-95BB-CFF0DDC2CAB7}"
EndProject
Global
	GlobalSection(SolutionConfigurationPlatforms) = preSolution
		Debug|Any CPU = Debug|Any CPU
		Debug|Mixed Platforms = Debug|Mixed Platforms
		Debug|Win32 = Debug|Win32
		Debug|x64 = Debug|x64
		Debug|x86 = Debug|x86
		Release|Any CPU = Release|Any CPU
		Release|Mixed Platforms = Release|Mixed Platforms
		Release|Win32 = Release|Win32
		Release|x64 = Release|x64
		Release|x86 = Release|x86
	EndGlobalSection
	GlobalSection(ProjectConfigurationPlatforms) = postSolution
		{6A8152C0-82EB-4704-865F-D682E4FC5438}.Debug|Any CPU.ActiveCfg = Debug|Any CPU
		{6A8152C0-82EB-4704-865F-D682E4FC5438}.Debug|Any CPU.Build.0 = Debug|Any CPU
		{6A8152C0-82EB-4704-865F-D682E4FC5438}.Debug|Mixed Platforms.ActiveCfg = Debug|Any CPU
		{6A8152C0-82EB-4704-865F-D682E4FC5438}.Debug|Mixed Platforms.Build.0 = Debug|Any CPU
		{6A8152C0-82EB-4704-865F-D682E4FC5438}.Debug|Win32.ActiveCfg = Debug|x86
		{6A8152C0-82EB-4704-865F-D682E4FC5438}.Debug|Win32.Build.0 = Debug|x86
		{6A8152C0-82EB-4704-865F-D682E4FC5438}.Debug|x64.ActiveCfg = Debug|x64
		{6A8152C0-82EB-4704-865F-D682E4FC5438}.Debug|x64.Build.0 = Debug|x64
		{6A8152C0-82EB-4704-865F-D682E4FC5438}.Debug|x86.ActiveCfg = Debug|x86
		{6A8152C0-82EB-4704-865F-D682E4FC5438}.Debug|x86.Build.0 = Debug|x86
		{6A8152C0-82EB-4704-865F-D682E4FC5438}.Release|Any CPU.ActiveCfg = Release|Any CPU
		{6A8152C0-82EB-4704-865F-D682E4FC5438}.Release|Any CPU.Build.0 = Release|Any CPU
		{6A8152C0-82EB-4704-865F-D682E4FC5438}.Release|Mixed Platforms.ActiveCfg = Release|x86
		{6A8152C0-82EB-4704-865F-D682E4FC5438}.Release|Mixed Platforms.Build.0 = Release|x86
		{6A8152C0-82EB-4704-865F-D682E4FC5438}.Release|Win32.ActiveCfg = Release|x86
		{6A8152C0-82EB-4704-865F-D682E4FC5438}.Release|Win32.Build.0 = Release|x86
		{6A8152C0-82EB-4704-865F-D682E4FC5438}.Release|x64.ActiveCfg = Release|x64
		{6A8152C0-82EB-4704-865F-D682E4FC5438}.Release|x64.Build.0 = Release|x64
		{6A8152C0-82EB-4704-865F-D682E4FC5438}.Release|x86.ActiveCfg = Release|x86
		{6A8152C0-82EB-4704-865F-D682E4FC5438}.Release|x86.Build.0 = Release|x86
		{EDB5E8A6-830C-4EA0-B309-C35019ABA183}.Debug|Any CPU.ActiveCfg = Debug|Any CPU
		{EDB5E8A6-830C-4EA0-B309-C35019ABA183}.Debug|Any CPU.Build.0 = Debug|Any CPU
		{EDB5E8A6-830C-4EA0-B309-C35019ABA183}.Debug|Mixed Platforms.ActiveCfg = Debug|Any CPU
		{EDB5E8A6-830C-4EA0-B309-C35019ABA183}.Debug|Mixed Platforms.Build.0 = Debug|Any CPU
		{EDB5E8A6-830C-4EA0-B309-C35019ABA183}.Debug|Win32.ActiveCfg = Debug|Any CPU
		{EDB5E8A6-830C-4EA0-B309-C35019ABA183}.Debug|x64.ActiveCfg = Debug|Any CPU
		{EDB5E8A6-830C-4EA0-B309-C35019ABA183}.Debug|x86.ActiveCfg = Debug|Any CPU
		{EDB5E8A6-830C-4EA0-B309-C35019ABA183}.Release|Any CPU.ActiveCfg = Release|Any CPU
		{EDB5E8A6-830C-4EA0-B309-C35019ABA183}.Release|Any CPU.Build.0 = Release|Any CPU
		{EDB5E8A6-830C-4EA0-B309-C35019ABA183}.Release|Mixed Platforms.ActiveCfg = Release|Any CPU
		{EDB5E8A6-830C-4EA0-B309-C35019ABA183}.Release|Mixed Platforms.Build.0 = Release|Any CPU
		{EDB5E8A6-830C-4EA0-B309-C35019ABA183}.Release|Win32.ActiveCfg = Release|Any CPU
		{EDB5E8A6-830C-4EA0-B309-C35019ABA183}.Release|x64.ActiveCfg = Release|Any CPU
		{EDB5E8A6-830C-4EA0-B309-C35019ABA183}.Release|x86.ActiveCfg = Release|Any CPU
		{509FD9FF-7AF6-4554-8442-FE802A3B03CA}.Debug|Any CPU.ActiveCfg = Debug|Any CPU
		{509FD9FF-7AF6-4554-8442-FE802A3B03CA}.Debug|Any CPU.Build.0 = Debug|Any CPU
		{509FD9FF-7AF6-4554-8442-FE802A3B03CA}.Debug|Mixed Platforms.ActiveCfg = Debug|Any CPU
		{509FD9FF-7AF6-4554-8442-FE802A3B03CA}.Debug|Mixed Platforms.Build.0 = Debug|Any CPU
		{509FD9FF-7AF6-4554-8442-FE802A3B03CA}.Debug|Win32.ActiveCfg = Debug|x86
		{509FD9FF-7AF6-4554-8442-FE802A3B03CA}.Debug|Win32.Build.0 = Debug|x86
		{509FD9FF-7AF6-4554-8442-FE802A3B03CA}.Debug|x64.ActiveCfg = Debug|x64
		{509FD9FF-7AF6-4554-8442-FE802A3B03CA}.Debug|x64.Build.0 = Debug|x64
		{509FD9FF-7AF6-4554-8442-FE802A3B03CA}.Debug|x86.ActiveCfg = Debug|x86
		{509FD9FF-7AF6-4554-8442-FE802A3B03CA}.Debug|x86.Build.0 = Debug|x86
		{509FD9FF-7AF6-4554-8442-FE802A3B03CA}.Release|Any CPU.ActiveCfg = Release|Any CPU
		{509FD9FF-7AF6-4554-8442-FE802A3B03CA}.Release|Any CPU.Build.0 = Release|Any CPU
		{509FD9FF-7AF6-4554-8442-FE802A3B03CA}.Release|Mixed Platforms.ActiveCfg = Release|x86
		{509FD9FF-7AF6-4554-8442-FE802A3B03CA}.Release|Mixed Platforms.Build.0 = Release|x86
		{509FD9FF-7AF6-4554-8442-FE802A3B03CA}.Release|Win32.ActiveCfg = Release|x86
		{509FD9FF-7AF6-4554-8442-FE802A3B03CA}.Release|Win32.Build.0 = Release|x86
		{509FD9FF-7AF6-4554-8442-FE802A3B03CA}.Release|x64.ActiveCfg = Release|x64
		{509FD9FF-7AF6-4554-8442-FE802A3B03CA}.Release|x64.Build.0 = Release|x64
		{509FD9FF-7AF6-4554-8442-FE802A3B03CA}.Release|x86.ActiveCfg = Release|x86
		{509FD9FF-7AF6-4554-8442-FE802A3B03CA}.Release|x86.Build.0 = Release|x86
		{732EBACF-9743-4C22-85F7-3284BA046C0C}.Debug|Any CPU.ActiveCfg = Debug|Any CPU
		{732EBACF-9743-4C22-85F7-3284BA046C0C}.Debug|Any CPU.Build.0 = Debug|Any CPU
		{732EBACF-9743-4C22-85F7-3284BA046C0C}.Debug|Mixed Platforms.ActiveCfg = Debug|Any CPU
		{732EBACF-9743-4C22-85F7-3284BA046C0C}.Debug|Mixed Platforms.Build.0 = Debug|Any CPU
		{732EBACF-9743-4C22-85F7-3284BA046C0C}.Debug|Win32.ActiveCfg = Debug|x86
		{732EBACF-9743-4C22-85F7-3284BA046C0C}.Debug|Win32.Build.0 = Debug|x86
		{732EBACF-9743-4C22-85F7-3284BA046C0C}.Debug|x64.ActiveCfg = Debug|x64
		{732EBACF-9743-4C22-85F7-3284BA046C0C}.Debug|x64.Build.0 = Debug|x64
		{732EBACF-9743-4C22-85F7-3284BA046C0C}.Debug|x86.ActiveCfg = Debug|x86
		{732EBACF-9743-4C22-85F7-3284BA046C0C}.Debug|x86.Build.0 = Debug|x86
		{732EBACF-9743-4C22-85F7-3284BA046C0C}.Release|Any CPU.ActiveCfg = Release|Any CPU
		{732EBACF-9743-4C22-85F7-3284BA046C0C}.Release|Any CPU.Build.0 = Release|Any CPU
		{732EBACF-9743-4C22-85F7-3284BA046C0C}.Release|Mixed Platforms.ActiveCfg = Release|x86
		{732EBACF-9743-4C22-85F7-3284BA046C0C}.Release|Mixed Platforms.Build.0 = Release|x86
		{732EBACF-9743-4C22-85F7-3284BA046C0C}.Release|Win32.ActiveCfg = Release|x86
		{732EBACF-9743-4C22-85F7-3284BA046C0C}.Release|Win32.Build.0 = Release|x86
		{732EBACF-9743-4C22-85F7-3284BA046C0C}.Release|x64.ActiveCfg = Release|x64
		{732EBACF-9743-4C22-85F7-3284BA046C0C}.Release|x64.Build.0 = Release|x64
		{732EBACF-9743-4C22-85F7-3284BA046C0C}.Release|x86.ActiveCfg = Release|x86
		{732EBACF-9743-4C22-85F7-3284BA046C0C}.Release|x86.Build.0 = Release|x86
		{92F74E5A-CF68-46DF-95BB-CFF0DDC2CAB7}.Debug|Any CPU.ActiveCfg = Debug|Any CPU
		{92F74E5A-CF68-46DF-95BB-CFF0DDC2CAB7}.Debug|Any CPU.Build.0 = Debug|Any CPU
		{92F74E5A-CF68-46DF-95BB-CFF0DDC2CAB7}.Debug|Mixed Platforms.ActiveCfg = Debug|Any CPU
		{92F74E5A-CF68-46DF-95BB-CFF0DDC2CAB7}.Debug|Win32.ActiveCfg = Debug|Any CPU
		{92F74E5A-CF68-46DF-95BB-CFF0DDC2CAB7}.Debug|x64.ActiveCfg = Debug|Any CPU
		{92F74E5A-CF68-46DF-95BB-CFF0DDC2CAB7}.Debug|x86.ActiveCfg = Debug|Any CPU
		{92F74E5A-CF68-46DF-95BB-CFF0DDC2CAB7}.Release|Any CPU.ActiveCfg = Release|Any CPU
		{92F74E5A-CF68-46DF-95BB-CFF0DDC2CAB7}.Release|Any CPU.Build.0 = Release|Any CPU
		{92F74E5A-CF68-46DF-95BB-CFF0DDC2CAB7}.Release|Mixed Platforms.ActiveCfg = Release|Any CPU
		{92F74E5A-CF68-46DF-95BB-CFF0DDC2CAB7}.Release|Mixed Platforms.Build.0 = Release|Any CPU
		{92F74E5A-CF68-46DF-95BB-CFF0DDC2CAB7}.Release|Win32.ActiveCfg = Release|Any CPU
		{92F74E5A-CF68-46DF-95BB-CFF0DDC2CAB7}.Release|x64.ActiveCfg = Release|Any CPU
		{92F74E5A-CF68-46DF-95BB-CFF0DDC2CAB7}.Release|x86.ActiveCfg = Release|Any CPU
	EndGlobalSection
	GlobalSection(SolutionProperties) = preSolution
		HideSolutionNode = FALSE
	EndGlobalSection
EndGlobal
